
Microsoft Visual Studio Solution File, Format Version 12.00
# Visual Studio 15
VisualStudioVersion = 15.0.27004.2005
MinimumVisualStudioVersion = 10.0.40219.1
Project("{FAE04EC0-301F-11D3-BF4B-00C04F79EFBC}") = "SGClient", "SGClient\SGClient.csproj", "{B7B6507B-9FCB-407C-8DCA-D56656C98AAA}"
EndProject
Global
	GlobalSection(SolutionConfigurationPlatforms) = preSolution
		Debug|Any CPU = Debug|Any CPU
		Release|Any CPU = Release|Any CPU
	EndGlobalSection
	GlobalSection(ProjectConfigurationPlatforms) = postSolution
		{B7B6507B-9FCB-407C-8DCA-D56656C98AAA}.Debug|Any CPU.ActiveCfg = Debug|Any CPU
		{B7B6507B-9FCB-407C-8DCA-D56656C98AAA}.Debug|Any CPU.Build.0 = Debug|Any CPU
		{B7B6507B-9FCB-407C-8DCA-D56656C98AAA}.Release|Any CPU.ActiveCfg = Release|Any CPU
		{B7B6507B-9FCB-407C-8DCA-D56656C98AAA}.Release|Any CPU.Build.0 = Release|Any CPU
	EndGlobalSection
	GlobalSection(SolutionProperties) = preSolution
		HideSolutionNode = FALSE
	EndGlobalSection
	GlobalSection(ExtensibilityGlobals) = postSolution
		SolutionGuid = {0B41D53C-353F-4543-A7ED-5348EF479575}
	EndGlobalSection
EndGlobal
